
Microsoft Visual Studio Solution File, Format Version 12.00
# Visual Studio Version 17
VisualStudioVersion = 17.5.002.0
MinimumVisualStudioVersion = 10.0.40219.1
Project("{9A19103F-16F7-4668-BE54-9A1E7A4F7556}") = "MCEightToTenEndpoints", "MCEightToTenEndpoints.csproj", "{F501974E-FDCE-4396-A063-0FFDDB84485A}"
EndProject
Global
	GlobalSection(SolutionConfigurationPlatforms) = preSolution
		Debug|Any CPU = Debug|Any CPU
		Release|Any CPU = Release|Any CPU
	EndGlobalSection
	GlobalSection(ProjectConfigurationPlatforms) = postSolution
		{F501974E-FDCE-4396-A063-0FFDDB84485A}.Debug|Any CPU.ActiveCfg = Debug|Any CPU
		{F501974E-FDCE-4396-A063-0FFDDB84485A}.Debug|Any CPU.Build.0 = Debug|Any CPU
		{F501974E-FDCE-4396-A063-0FFDDB84485A}.Release|Any CPU.ActiveCfg = Release|Any CPU
		{F501974E-FDCE-4396-A063-0FFDDB84485A}.Release|Any CPU.Build.0 = Release|Any CPU
	EndGlobalSection
	GlobalSection(SolutionProperties) = preSolution
		HideSolutionNode = FALSE
	EndGlobalSection
	GlobalSection(ExtensibilityGlobals) = postSolution
		SolutionGuid = {54ABB014-C461-4DA5-B428-56A8FB9233E9}
	EndGlobalSection
EndGlobal
